// !$*UTF8*$!
{
	archiveVersion = 1;
	classes = {
	};
	objectVersion = 50;
	objects = {

/* Begin PBXBuildFile section */
		6F08C14E21A2365800162A2F /* User.swift in Sources */ = {isa = PBXBuildFile; fileRef = 6F08C14D21A2365800162A2F /* User.swift */; };
		6F0B6AFE218CA5D3007E369F /* LemonMilk.otf in Resources */ = {isa = PBXBuildFile; fileRef = 6F0B6AFD218CA5D3007E369F /* LemonMilk.otf */; };
		6F21F162218C982D000E7D56 /* AthleteJail.png in Resources */ = {isa = PBXBuildFile; fileRef = 6F21F161218C982D000E7D56 /* AthleteJail.png */; };
		6F5880C4217114A20040DB83 /* AppDelegate.swift in Sources */ = {isa = PBXBuildFile; fileRef = 6F5880C3217114A20040DB83 /* AppDelegate.swift */; };
		6F5880C6217114A20040DB83 /* ViewController.swift in Sources */ = {isa = PBXBuildFile; fileRef = 6F5880C5217114A20040DB83 /* ViewController.swift */; };
		6F5880CB217114A30040DB83 /* Assets.xcassets in Resources */ = {isa = PBXBuildFile; fileRef = 6F5880CA217114A30040DB83 /* Assets.xcassets */; };
		6F5880CE217114A30040DB83 /* LaunchScreen.storyboard in Resources */ = {isa = PBXBuildFile; fileRef = 6F5880CC217114A30040DB83 /* LaunchScreen.storyboard */; };
		6F5880D9217114A40040DB83 /* trackingTutorsIOSTests.swift in Sources */ = {isa = PBXBuildFile; fileRef = 6F5880D8217114A40040DB83 /* trackingTutorsIOSTests.swift */; };
		6F5880E4217114A40040DB83 /* trackingTutorsIOSUITests.swift in Sources */ = {isa = PBXBuildFile; fileRef = 6F5880E3217114A40040DB83 /* trackingTutorsIOSUITests.swift */; };
		6F58810021712AAD0040DB83 /* image in Resources */ = {isa = PBXBuildFile; fileRef = 6F5880FF21712AAD0040DB83 /* image */; };
		6F5E8875217532890034F975 /* Main.storyboard in Resources */ = {isa = PBXBuildFile; fileRef = 6F5E8873217532890034F975 /* Main.storyboard */; };
		6F9606C9219CFD4900C1650C /* awsconfiguration.json in Resources */ = {isa = PBXBuildFile; fileRef = 6F9606C8219CFD4900C1650C /* awsconfiguration.json */; };
		8889600A5FC212288F8EF3DF /* Pods_trackingTutorsIOSTests.framework in Frameworks */ = {isa = PBXBuildFile; fileRef = CFF36DE36F95342017780471 /* Pods_trackingTutorsIOSTests.framework */; };
		B83462BCA8E05A64A2D019D4 /* Pods_trackingTutorsIOS.framework in Frameworks */ = {isa = PBXBuildFile; fileRef = 049537924F39DEC51C85E1CE /* Pods_trackingTutorsIOS.framework */; };
		EC46D49F0D1FBB8F2DEF079E /* Pods_trackingTutorsIOSUITests.framework in Frameworks */ = {isa = PBXBuildFile; fileRef = ABEB496B1FC8556B279B89A5 /* Pods_trackingTutorsIOSUITests.framework */; };
/* End PBXBuildFile section */

/* Begin PBXContainerItemProxy section */
		6F5880D5217114A40040DB83 /* PBXContainerItemProxy */ = {
			isa = PBXContainerItemProxy;
			containerPortal = 6F5880B8217114A20040DB83 /* Project object */;
			proxyType = 1;
			remoteGlobalIDString = 6F5880BF217114A20040DB83;
			remoteInfo = trackingTutorsIOS;
		};
		6F5880E0217114A40040DB83 /* PBXContainerItemProxy */ = {
			isa = PBXContainerItemProxy;
			containerPortal = 6F5880B8217114A20040DB83 /* Project object */;
			proxyType = 1;
			remoteGlobalIDString = 6F5880BF217114A20040DB83;
			remoteInfo = trackingTutorsIOS;
		};
/* End PBXContainerItemProxy section */

/* Begin PBXFileReference section */
		049537924F39DEC51C85E1CE /* Pods_trackingTutorsIOS.framework */ = {isa = PBXFileReference; explicitFileType = wrapper.framework; includeInIndex = 0; path = Pods_trackingTutorsIOS.framework; sourceTree = BUILT_PRODUCTS_DIR; };
		07525F6782669A16C848309B /* Pods-trackingTutorsIOSUITests.debug.xcconfig */ = {isa = PBXFileReference; includeInIndex = 1; lastKnownFileType = text.xcconfig; name = "Pods-trackingTutorsIOSUITests.debug.xcconfig"; path = "Pods/Target Support Files/Pods-trackingTutorsIOSUITests/Pods-trackingTutorsIOSUITests.debug.xcconfig"; sourceTree = "<group>"; };
		0ACED918DBC8B55F1563659B /* Pods-trackingTutorsIOSTests.debug.xcconfig */ = {isa = PBXFileReference; includeInIndex = 1; lastKnownFileType = text.xcconfig; name = "Pods-trackingTutorsIOSTests.debug.xcconfig"; path = "Pods/Target Support Files/Pods-trackingTutorsIOSTests/Pods-trackingTutorsIOSTests.debug.xcconfig"; sourceTree = "<group>"; };
		6F08C14D21A2365800162A2F /* User.swift */ = {isa = PBXFileReference; lastKnownFileType = sourcecode.swift; path = User.swift; sourceTree = "<group>"; };
		6F0B6AFD218CA5D3007E369F /* LemonMilk.otf */ = {isa = PBXFileReference; lastKnownFileType = file; path = LemonMilk.otf; sourceTree = "<group>"; };
		6F21F161218C982D000E7D56 /* AthleteJail.png */ = {isa = PBXFileReference; lastKnownFileType = image.png; path = AthleteJail.png; sourceTree = "<group>"; };
		6F5880C0217114A20040DB83 /* trackingTutorsIOS.app */ = {isa = PBXFileReference; explicitFileType = wrapper.application; includeInIndex = 0; path = trackingTutorsIOS.app; sourceTree = BUILT_PRODUCTS_DIR; };
		6F5880C3217114A20040DB83 /* AppDelegate.swift */ = {isa = PBXFileReference; lastKnownFileType = sourcecode.swift; path = AppDelegate.swift; sourceTree = "<group>"; };
		6F5880C5217114A20040DB83 /* ViewController.swift */ = {isa = PBXFileReference; lastKnownFileType = sourcecode.swift; path = ViewController.swift; sourceTree = "<group>"; };
		6F5880CA217114A30040DB83 /* Assets.xcassets */ = {isa = PBXFileReference; lastKnownFileType = folder.assetcatalog; path = Assets.xcassets; sourceTree = "<group>"; };
		6F5880CD217114A30040DB83 /* Base */ = {isa = PBXFileReference; lastKnownFileType = file.storyboard; name = Base; path = Base.lproj/LaunchScreen.storyboard; sourceTree = "<group>"; };
		6F5880CF217114A30040DB83 /* Info.plist */ = {isa = PBXFileReference; lastKnownFileType = text.plist.xml; path = Info.plist; sourceTree = "<group>"; };
		6F5880D4217114A40040DB83 /* trackingTutorsIOSTests.xctest */ = {isa = PBXFileReference; explicitFileType = wrapper.cfbundle; includeInIndex = 0; path = trackingTutorsIOSTests.xctest; sourceTree = BUILT_PRODUCTS_DIR; };
		6F5880D8217114A40040DB83 /* trackingTutorsIOSTests.swift */ = {isa = PBXFileReference; lastKnownFileType = sourcecode.swift; path = trackingTutorsIOSTests.swift; sourceTree = "<group>"; };
		6F5880DA217114A40040DB83 /* Info.plist */ = {isa = PBXFileReference; lastKnownFileType = text.plist.xml; path = Info.plist; sourceTree = "<group>"; };
		6F5880DF217114A40040DB83 /* trackingTutorsIOSUITests.xctest */ = {isa = PBXFileReference; explicitFileType = wrapper.cfbundle; includeInIndex = 0; path = trackingTutorsIOSUITests.xctest; sourceTree = BUILT_PRODUCTS_DIR; };
		6F5880E3217114A40040DB83 /* trackingTutorsIOSUITests.swift */ = {isa = PBXFileReference; lastKnownFileType = sourcecode.swift; path = trackingTutorsIOSUITests.swift; sourceTree = "<group>"; };
		6F5880E5217114A40040DB83 /* Info.plist */ = {isa = PBXFileReference; lastKnownFileType = text.plist.xml; path = Info.plist; sourceTree = "<group>"; };
		6F5880FF21712AAD0040DB83 /* image */ = {isa = PBXFileReference; lastKnownFileType = folder; path = image; sourceTree = "<group>"; };
		6F5E8874217532890034F975 /* Base */ = {isa = PBXFileReference; lastKnownFileType = file.storyboard; name = Base; path = Base.lproj/Main.storyboard; sourceTree = "<group>"; };
		6F9606C8219CFD4900C1650C /* awsconfiguration.json */ = {isa = PBXFileReference; fileEncoding = 4; lastKnownFileType = text.json; path = awsconfiguration.json; sourceTree = "<group>"; };
		8288FD71F4E8ED50A803E654 /* Pods-trackingTutorsIOS.release.xcconfig */ = {isa = PBXFileReference; includeInIndex = 1; lastKnownFileType = text.xcconfig; name = "Pods-trackingTutorsIOS.release.xcconfig"; path = "Pods/Target Support Files/Pods-trackingTutorsIOS/Pods-trackingTutorsIOS.release.xcconfig"; sourceTree = "<group>"; };
		A561A4A0212DF49064CCC245 /* Pods-trackingTutorsIOSTests.release.xcconfig */ = {isa = PBXFileReference; includeInIndex = 1; lastKnownFileType = text.xcconfig; name = "Pods-trackingTutorsIOSTests.release.xcconfig"; path = "Pods/Target Support Files/Pods-trackingTutorsIOSTests/Pods-trackingTutorsIOSTests.release.xcconfig"; sourceTree = "<group>"; };
		ABEB496B1FC8556B279B89A5 /* Pods_trackingTutorsIOSUITests.framework */ = {isa = PBXFileReference; explicitFileType = wrapper.framework; includeInIndex = 0; path = Pods_trackingTutorsIOSUITests.framework; sourceTree = BUILT_PRODUCTS_DIR; };
		CEDE781950BA0D955D050353 /* Pods-trackingTutorsIOSUITests.release.xcconfig */ = {isa = PBXFileReference; includeInIndex = 1; lastKnownFileType = text.xcconfig; name = "Pods-trackingTutorsIOSUITests.release.xcconfig"; path = "Pods/Target Support Files/Pods-trackingTutorsIOSUITests/Pods-trackingTutorsIOSUITests.release.xcconfig"; sourceTree = "<group>"; };
		CFF36DE36F95342017780471 /* Pods_trackingTutorsIOSTests.framework */ = {isa = PBXFileReference; explicitFileType = wrapper.framework; includeInIndex = 0; path = Pods_trackingTutorsIOSTests.framework; sourceTree = BUILT_PRODUCTS_DIR; };
		F9EAC2091F63832CC9C01503 /* Pods-trackingTutorsIOS.debug.xcconfig */ = {isa = PBXFileReference; includeInIndex = 1; lastKnownFileType = text.xcconfig; name = "Pods-trackingTutorsIOS.debug.xcconfig"; path = "Pods/Target Support Files/Pods-trackingTutorsIOS/Pods-trackingTutorsIOS.debug.xcconfig"; sourceTree = "<group>"; };
/* End PBXFileReference section */

/* Begin PBXFrameworksBuildPhase section */
		6F5880BD217114A20040DB83 /* Frameworks */ = {
			isa = PBXFrameworksBuildPhase;
			buildActionMask = 2147483647;
			files = (
				B83462BCA8E05A64A2D019D4 /* Pods_trackingTutorsIOS.framework in Frameworks */,
			);
			runOnlyForDeploymentPostprocessing = 0;
		};
		6F5880D1217114A40040DB83 /* Frameworks */ = {
			isa = PBXFrameworksBuildPhase;
			buildActionMask = 2147483647;
			files = (
				8889600A5FC212288F8EF3DF /* Pods_trackingTutorsIOSTests.framework in Frameworks */,
			);
			runOnlyForDeploymentPostprocessing = 0;
		};
		6F5880DC217114A40040DB83 /* Frameworks */ = {
			isa = PBXFrameworksBuildPhase;
			buildActionMask = 2147483647;
			files = (
				EC46D49F0D1FBB8F2DEF079E /* Pods_trackingTutorsIOSUITests.framework in Frameworks */,
			);
			runOnlyForDeploymentPostprocessing = 0;
		};
/* End PBXFrameworksBuildPhase section */

/* Begin PBXGroup section */
		48A102D127D8268AE587C9E5 /* Frameworks */ = {
			isa = PBXGroup;
			children = (
				049537924F39DEC51C85E1CE /* Pods_trackingTutorsIOS.framework */,
				CFF36DE36F95342017780471 /* Pods_trackingTutorsIOSTests.framework */,
				ABEB496B1FC8556B279B89A5 /* Pods_trackingTutorsIOSUITests.framework */,
			);
			name = Frameworks;
			sourceTree = "<group>";
		};
		6F08C14C21A2364600162A2F /* models */ = {
			isa = PBXGroup;
			children = (
				6F08C14D21A2365800162A2F /* User.swift */,
			);
			path = models;
			sourceTree = "<group>";
		};
		6F21F160218C969D000E7D56 /* images */ = {
			isa = PBXGroup;
			children = (
			);
			path = images;
			sourceTree = "<group>";
		};
		6F5880B7217114A20040DB83 = {
			isa = PBXGroup;
			children = (
				6F21F160218C969D000E7D56 /* images */,
				6F5880C2217114A20040DB83 /* trackingTutorsIOS */,
				6F5880D7217114A40040DB83 /* trackingTutorsIOSTests */,
				6F5880E2217114A40040DB83 /* trackingTutorsIOSUITests */,
				6F5880C1217114A20040DB83 /* Products */,
				B0C033684FFF551927E5FC86 /* Pods */,
				48A102D127D8268AE587C9E5 /* Frameworks */,
			);
			sourceTree = "<group>";
		};
		6F5880C1217114A20040DB83 /* Products */ = {
			isa = PBXGroup;
			children = (
				6F5880C0217114A20040DB83 /* trackingTutorsIOS.app */,
				6F5880D4217114A40040DB83 /* trackingTutorsIOSTests.xctest */,
				6F5880DF217114A40040DB83 /* trackingTutorsIOSUITests.xctest */,
			);
			name = Products;
			sourceTree = "<group>";
		};
		6F5880C2217114A20040DB83 /* trackingTutorsIOS */ = {
			isa = PBXGroup;
			children = (
				6F08C14C21A2364600162A2F /* models */,
				6F9606C8219CFD4900C1650C /* awsconfiguration.json */,
				6F5E8873217532890034F975 /* Main.storyboard */,
				6F0B6AFD218CA5D3007E369F /* LemonMilk.otf */,
				6F5880FF21712AAD0040DB83 /* image */,
				6F5880C3217114A20040DB83 /* AppDelegate.swift */,
				6F5880C5217114A20040DB83 /* ViewController.swift */,
				6F5880CA217114A30040DB83 /* Assets.xcassets */,
				6F21F161218C982D000E7D56 /* AthleteJail.png */,
				6F5880CC217114A30040DB83 /* LaunchScreen.storyboard */,
				6F5880CF217114A30040DB83 /* Info.plist */,
			);
			path = trackingTutorsIOS;
			sourceTree = "<group>";
		};
		6F5880D7217114A40040DB83 /* trackingTutorsIOSTests */ = {
			isa = PBXGroup;
			children = (
				6F5880D8217114A40040DB83 /* trackingTutorsIOSTests.swift */,
				6F5880DA217114A40040DB83 /* Info.plist */,
			);
			path = trackingTutorsIOSTests;
			sourceTree = "<group>";
		};
		6F5880E2217114A40040DB83 /* trackingTutorsIOSUITests */ = {
			isa = PBXGroup;
			children = (
				6F5880E3217114A40040DB83 /* trackingTutorsIOSUITests.swift */,
				6F5880E5217114A40040DB83 /* Info.plist */,
			);
			path = trackingTutorsIOSUITests;
			sourceTree = "<group>";
		};
		B0C033684FFF551927E5FC86 /* Pods */ = {
			isa = PBXGroup;
			children = (
				F9EAC2091F63832CC9C01503 /* Pods-trackingTutorsIOS.debug.xcconfig */,
				8288FD71F4E8ED50A803E654 /* Pods-trackingTutorsIOS.release.xcconfig */,
				0ACED918DBC8B55F1563659B /* Pods-trackingTutorsIOSTests.debug.xcconfig */,
				A561A4A0212DF49064CCC245 /* Pods-trackingTutorsIOSTests.release.xcconfig */,
				07525F6782669A16C848309B /* Pods-trackingTutorsIOSUITests.debug.xcconfig */,
				CEDE781950BA0D955D050353 /* Pods-trackingTutorsIOSUITests.release.xcconfig */,
			);
			name = Pods;
			sourceTree = "<group>";
		};
/* End PBXGroup section */

/* Begin PBXNativeTarget section */
		6F5880BF217114A20040DB83 /* trackingTutorsIOS */ = {
			isa = PBXNativeTarget;
			buildConfigurationList = 6F5880E8217114A40040DB83 /* Build configuration list for PBXNativeTarget "trackingTutorsIOS" */;
			buildPhases = (
				5912D7E02A907E2B50041595 /* [CP] Check Pods Manifest.lock */,
				6F5880BC217114A20040DB83 /* Sources */,
				6F5880BD217114A20040DB83 /* Frameworks */,
				6F5880BE217114A20040DB83 /* Resources */,
				C3D552C03349BD34D78CF759 /* [CP] Embed Pods Frameworks */,
			);
			buildRules = (
			);
			dependencies = (
			);
			name = trackingTutorsIOS;
			productName = trackingTutorsIOS;
			productReference = 6F5880C0217114A20040DB83 /* trackingTutorsIOS.app */;
			productType = "com.apple.product-type.application";
		};
		6F5880D3217114A40040DB83 /* trackingTutorsIOSTests */ = {
			isa = PBXNativeTarget;
			buildConfigurationList = 6F5880EB217114A40040DB83 /* Build configuration list for PBXNativeTarget "trackingTutorsIOSTests" */;
			buildPhases = (
				B2F7605B83D9A832B554775C /* [CP] Check Pods Manifest.lock */,
				6F5880D0217114A40040DB83 /* Sources */,
				6F5880D1217114A40040DB83 /* Frameworks */,
				6F5880D2217114A40040DB83 /* Resources */,
			);
			buildRules = (
			);
			dependencies = (
				6F5880D6217114A40040DB83 /* PBXTargetDependency */,
			);
			name = trackingTutorsIOSTests;
			productName = trackingTutorsIOSTests;
			productReference = 6F5880D4217114A40040DB83 /* trackingTutorsIOSTests.xctest */;
			productType = "com.apple.product-type.bundle.unit-test";
		};
		6F5880DE217114A40040DB83 /* trackingTutorsIOSUITests */ = {
			isa = PBXNativeTarget;
			buildConfigurationList = 6F5880EE217114A40040DB83 /* Build configuration list for PBXNativeTarget "trackingTutorsIOSUITests" */;
			buildPhases = (
				5844C21BFD45677F1BC9EDCA /* [CP] Check Pods Manifest.lock */,
				6F5880DB217114A40040DB83 /* Sources */,
				6F5880DC217114A40040DB83 /* Frameworks */,
				6F5880DD217114A40040DB83 /* Resources */,
			);
			buildRules = (
			);
			dependencies = (
				6F5880E1217114A40040DB83 /* PBXTargetDependency */,
			);
			name = trackingTutorsIOSUITests;
			productName = trackingTutorsIOSUITests;
			productReference = 6F5880DF217114A40040DB83 /* trackingTutorsIOSUITests.xctest */;
			productType = "com.apple.product-type.bundle.ui-testing";
		};
/* End PBXNativeTarget section */

/* Begin PBXProject section */
		6F5880B8217114A20040DB83 /* Project object */ = {
			isa = PBXProject;
			attributes = {
				LastSwiftUpdateCheck = 1000;
				LastUpgradeCheck = 1000;
				ORGANIZATIONNAME = "Brian Thomas O'Leary";
				TargetAttributes = {
					6F5880BF217114A20040DB83 = {
						CreatedOnToolsVersion = 10.0;
					};
					6F5880D3217114A40040DB83 = {
						CreatedOnToolsVersion = 10.0;
						TestTargetID = 6F5880BF217114A20040DB83;
					};
					6F5880DE217114A40040DB83 = {
						CreatedOnToolsVersion = 10.0;
						TestTargetID = 6F5880BF217114A20040DB83;
					};
				};
			};
			buildConfigurationList = 6F5880BB217114A20040DB83 /* Build configuration list for PBXProject "trackingTutorsIOS" */;
			compatibilityVersion = "Xcode 9.3";
			developmentRegion = en;
			hasScannedForEncodings = 0;
			knownRegions = (
				en,
				Base,
			);
			mainGroup = 6F5880B7217114A20040DB83;
			productRefGroup = 6F5880C1217114A20040DB83 /* Products */;
			projectDirPath = "";
			projectRoot = "";
			targets = (
				6F5880BF217114A20040DB83 /* trackingTutorsIOS */,
				6F5880D3217114A40040DB83 /* trackingTutorsIOSTests */,
				6F5880DE217114A40040DB83 /* trackingTutorsIOSUITests */,
			);
		};
/* End PBXProject section */

/* Begin PBXResourcesBuildPhase section */
		6F5880BE217114A20040DB83 /* Resources */ = {
			isa = PBXResourcesBuildPhase;
			buildActionMask = 2147483647;
			files = (
				6F0B6AFE218CA5D3007E369F /* LemonMilk.otf in Resources */,
				6F9606C9219CFD4900C1650C /* awsconfiguration.json in Resources */,
				6F21F162218C982D000E7D56 /* AthleteJail.png in Resources */,
				6F5E8875217532890034F975 /* Main.storyboard in Resources */,
				6F58810021712AAD0040DB83 /* image in Resources */,
				6F5880CE217114A30040DB83 /* LaunchScreen.storyboard in Resources */,
				6F5880CB217114A30040DB83 /* Assets.xcassets in Resources */,
			);
			runOnlyForDeploymentPostprocessing = 0;
		};
		6F5880D2217114A40040DB83 /* Resources */ = {
			isa = PBXResourcesBuildPhase;
			buildActionMask = 2147483647;
			files = (
			);
			runOnlyForDeploymentPostprocessing = 0;
		};
		6F5880DD217114A40040DB83 /* Resources */ = {
			isa = PBXResourcesBuildPhase;
			buildActionMask = 2147483647;
			files = (
			);
			runOnlyForDeploymentPostprocessing = 0;
		};
/* End PBXResourcesBuildPhase section */

/* Begin PBXShellScriptBuildPhase section */
		5844C21BFD45677F1BC9EDCA /* [CP] Check Pods Manifest.lock */ = {
			isa = PBXShellScriptBuildPhase;
			buildActionMask = 2147483647;
			files = (
			);
			inputFileListPaths = (
			);
			inputPaths = (
				"${PODS_PODFILE_DIR_PATH}/Podfile.lock",
				"${PODS_ROOT}/Manifest.lock",
			);
			name = "[CP] Check Pods Manifest.lock";
			outputFileListPaths = (
			);
			outputPaths = (
				"$(DERIVED_FILE_DIR)/Pods-trackingTutorsIOSUITests-checkManifestLockResult.txt",
			);
			runOnlyForDeploymentPostprocessing = 0;
			shellPath = /bin/sh;
			shellScript = "diff \"${PODS_PODFILE_DIR_PATH}/Podfile.lock\" \"${PODS_ROOT}/Manifest.lock\" > /dev/null\nif [ $? != 0 ] ; then\n    # print error to STDERR\n    echo \"error: The sandbox is not in sync with the Podfile.lock. Run 'pod install' or update your CocoaPods installation.\" >&2\n    exit 1\nfi\n# This output is used by Xcode 'outputs' to avoid re-running this script phase.\necho \"SUCCESS\" > \"${SCRIPT_OUTPUT_FILE_0}\"\n";
			showEnvVarsInLog = 0;
		};
		5912D7E02A907E2B50041595 /* [CP] Check Pods Manifest.lock */ = {
			isa = PBXShellScriptBuildPhase;
			buildActionMask = 2147483647;
			files = (
			);
			inputFileListPaths = (
			);
			inputPaths = (
				"${PODS_PODFILE_DIR_PATH}/Podfile.lock",
				"${PODS_ROOT}/Manifest.lock",
			);
			name = "[CP] Check Pods Manifest.lock";
			outputFileListPaths = (
			);
			outputPaths = (
				"$(DERIVED_FILE_DIR)/Pods-trackingTutorsIOS-checkManifestLockResult.txt",
			);
			runOnlyForDeploymentPostprocessing = 0;
			shellPath = /bin/sh;
			shellScript = "diff \"${PODS_PODFILE_DIR_PATH}/Podfile.lock\" \"${PODS_ROOT}/Manifest.lock\" > /dev/null\nif [ $? != 0 ] ; then\n    # print error to STDERR\n    echo \"error: The sandbox is not in sync with the Podfile.lock. Run 'pod install' or update your CocoaPods installation.\" >&2\n    exit 1\nfi\n# This output is used by Xcode 'outputs' to avoid re-running this script phase.\necho \"SUCCESS\" > \"${SCRIPT_OUTPUT_FILE_0}\"\n";
			showEnvVarsInLog = 0;
		};
		B2F7605B83D9A832B554775C /* [CP] Check Pods Manifest.lock */ = {
			isa = PBXShellScriptBuildPhase;
			buildActionMask = 2147483647;
			files = (
			);
			inputFileListPaths = (
			);
			inputPaths = (
				"${PODS_PODFILE_DIR_PATH}/Podfile.lock",
				"${PODS_ROOT}/Manifest.lock",
			);
			name = "[CP] Check Pods Manifest.lock";
			outputFileListPaths = (
			);
			outputPaths = (
				"$(DERIVED_FILE_DIR)/Pods-trackingTutorsIOSTests-checkManifestLockResult.txt",
			);
			runOnlyForDeploymentPostprocessing = 0;
			shellPath = /bin/sh;
			shellScript = "diff \"${PODS_PODFILE_DIR_PATH}/Podfile.lock\" \"${PODS_ROOT}/Manifest.lock\" > /dev/null\nif [ $? != 0 ] ; then\n    # print error to STDERR\n    echo \"error: The sandbox is not in sync with the Podfile.lock. Run 'pod install' or update your CocoaPods installation.\" >&2\n    exit 1\nfi\n# This output is used by Xcode 'outputs' to avoid re-running this script phase.\necho \"SUCCESS\" > \"${SCRIPT_OUTPUT_FILE_0}\"\n";
			showEnvVarsInLog = 0;
		};
		C3D552C03349BD34D78CF759 /* [CP] Embed Pods Frameworks */ = {
			isa = PBXShellScriptBuildPhase;
			buildActionMask = 2147483647;
			files = (
			);
			inputFileListPaths = (
			);
			inputPaths = (
				"${SRCROOT}/Pods/Target Support Files/Pods-trackingTutorsIOS/Pods-trackingTutorsIOS-frameworks.sh",
				"${BUILT_PRODUCTS_DIR}/AWSAuthCore/AWSAuthCore.framework",
				"${BUILT_PRODUCTS_DIR}/AWSAuthUI/AWSAuthUI.framework",
				"${BUILT_PRODUCTS_DIR}/AWSCognitoIdentityProvider/AWSCognitoIdentityProvider.framework",
				"${BUILT_PRODUCTS_DIR}/AWSCognitoIdentityProviderASF/AWSCognitoIdentityProviderASF.framework",
				"${BUILT_PRODUCTS_DIR}/AWSCore/AWSCore.framework",
				"${BUILT_PRODUCTS_DIR}/AWSMobileClient/AWSMobileClient.framework",
				"${BUILT_PRODUCTS_DIR}/AWSUserPoolsSignIn/AWSUserPoolsSignIn.framework",
			);
			name = "[CP] Embed Pods Frameworks";
			outputFileListPaths = (
			);
			outputPaths = (
				"${TARGET_BUILD_DIR}/${FRAMEWORKS_FOLDER_PATH}/AWSAuthCore.framework",
				"${TARGET_BUILD_DIR}/${FRAMEWORKS_FOLDER_PATH}/AWSAuthUI.framework",
				"${TARGET_BUILD_DIR}/${FRAMEWORKS_FOLDER_PATH}/AWSCognitoIdentityProvider.framework",
				"${TARGET_BUILD_DIR}/${FRAMEWORKS_FOLDER_PATH}/AWSCognitoIdentityProviderASF.framework",
				"${TARGET_BUILD_DIR}/${FRAMEWORKS_FOLDER_PATH}/AWSCore.framework",
				"${TARGET_BUILD_DIR}/${FRAMEWORKS_FOLDER_PATH}/AWSMobileClient.framework",
				"${TARGET_BUILD_DIR}/${FRAMEWORKS_FOLDER_PATH}/AWSUserPoolsSignIn.framework",
			);
			runOnlyForDeploymentPostprocessing = 0;
			shellPath = /bin/sh;
			shellScript = "\"${SRCROOT}/Pods/Target Support Files/Pods-trackingTutorsIOS/Pods-trackingTutorsIOS-frameworks.sh\"\n";
			showEnvVarsInLog = 0;
		};
/* End PBXShellScriptBuildPhase section */

/* Begin PBXSourcesBuildPhase section */
		6F5880BC217114A20040DB83 /* Sources */ = {
			isa = PBXSourcesBuildPhase;
			buildActionMask = 2147483647;
			files = (
				6F5880C6217114A20040DB83 /* ViewController.swift in Sources */,
				6F5880C4217114A20040DB83 /* AppDelegate.swift in Sources */,
				6F08C14E21A2365800162A2F /* User.swift in Sources */,
			);
			runOnlyForDeploymentPostprocessing = 0;
		};
		6F5880D0217114A40040DB83 /* Sources */ = {
			isa = PBXSourcesBuildPhase;
			buildActionMask = 2147483647;
			files = (
				6F5880D9217114A40040DB83 /* trackingTutorsIOSTests.swift in Sources */,
			);
			runOnlyForDeploymentPostprocessing = 0;
		};
		6F5880DB217114A40040DB83 /* Sources */ = {
			isa = PBXSourcesBuildPhase;
			buildActionMask = 2147483647;
			files = (
				6F5880E4217114A40040DB83 /* trackingTutorsIOSUITests.swift in Sources */,
			);
			runOnlyForDeploymentPostprocessing = 0;
		};
/* End PBXSourcesBuildPhase section */

/* Begin PBXTargetDependency section */
		6F5880D6217114A40040DB83 /* PBXTargetDependency */ = {
			isa = PBXTargetDependency;
			target = 6F5880BF217114A20040DB83 /* trackingTutorsIOS */;
			targetProxy = 6F5880D5217114A40040DB83 /* PBXContainerItemProxy */;
		};
		6F5880E1217114A40040DB83 /* PBXTargetDependency */ = {
			isa = PBXTargetDependency;
			target = 6F5880BF217114A20040DB83 /* trackingTutorsIOS */;
			targetProxy = 6F5880E0217114A40040DB83 /* PBXContainerItemProxy */;
		};
/* End PBXTargetDependency section */

/* Begin PBXVariantGroup section */
		6F5880CC217114A30040DB83 /* LaunchScreen.storyboard */ = {
			isa = PBXVariantGroup;
			children = (
				6F5880CD217114A30040DB83 /* Base */,
			);
			name = LaunchScreen.storyboard;
			sourceTree = "<group>";
		};
		6F5E8873217532890034F975 /* Main.storyboard */ = {
			isa = PBXVariantGroup;
			children = (
				6F5E8874217532890034F975 /* Base */,
			);
			name = Main.storyboard;
			sourceTree = "<group>";
		};
/* End PBXVariantGroup section */

/* Begin XCBuildConfiguration section */
		6F5880E6217114A40040DB83 /* Debug */ = {
			isa = XCBuildConfiguration;
			buildSettings = {
				ALWAYS_SEARCH_USER_PATHS = NO;
				CLANG_ANALYZER_NONNULL = YES;
				CLANG_ANALYZER_NUMBER_OBJECT_CONVERSION = YES_AGGRESSIVE;
				CLANG_CXX_LANGUAGE_STANDARD = "gnu++14";
				CLANG_CXX_LIBRARY = "libc++";
				CLANG_ENABLE_MODULES = YES;
				CLANG_ENABLE_OBJC_ARC = YES;
				CLANG_ENABLE_OBJC_WEAK = YES;
				CLANG_WARN_BLOCK_CAPTURE_AUTORELEASING = YES;
				CLANG_WARN_BOOL_CONVERSION = YES;
				CLANG_WARN_COMMA = YES;
				CLANG_WARN_CONSTANT_CONVERSION = YES;
				CLANG_WARN_DEPRECATED_OBJC_IMPLEMENTATIONS = YES;
				CLANG_WARN_DIRECT_OBJC_ISA_USAGE = YES_ERROR;
				CLANG_WARN_DOCUMENTATION_COMMENTS = YES;
				CLANG_WARN_EMPTY_BODY = YES;
				CLANG_WARN_ENUM_CONVERSION = YES;
				CLANG_WARN_INFINITE_RECURSION = YES;
				CLANG_WARN_INT_CONVERSION = YES;
				CLANG_WARN_NON_LITERAL_NULL_CONVERSION = YES;
				CLANG_WARN_OBJC_IMPLICIT_RETAIN_SELF = YES;
				CLANG_WARN_OBJC_LITERAL_CONVERSION = YES;
				CLANG_WARN_OBJC_ROOT_CLASS = YES_ERROR;
				CLANG_WARN_RANGE_LOOP_ANALYSIS = YES;
				CLANG_WARN_STRICT_PROTOTYPES = YES;
				CLANG_WARN_SUSPICIOUS_MOVE = YES;
				CLANG_WARN_UNGUARDED_AVAILABILITY = YES_AGGRESSIVE;
				CLANG_WARN_UNREACHABLE_CODE = YES;
				CLANG_WARN__DUPLICATE_METHOD_MATCH = YES;
				CODE_SIGN_IDENTITY = "iPhone Developer";
				COPY_PHASE_STRIP = NO;
				DEBUG_INFORMATION_FORMAT = dwarf;
				ENABLE_STRICT_OBJC_MSGSEND = YES;
				ENABLE_TESTABILITY = YES;
				GCC_C_LANGUAGE_STANDARD = gnu11;
				GCC_DYNAMIC_NO_PIC = NO;
				GCC_NO_COMMON_BLOCKS = YES;
				GCC_OPTIMIZATION_LEVEL = 0;
				GCC_PREPROCESSOR_DEFINITIONS = (
					"DEBUG=1",
					"$(inherited)",
				);
				GCC_WARN_64_TO_32_BIT_CONVERSION = YES;
				GCC_WARN_ABOUT_RETURN_TYPE = YES_ERROR;
				GCC_WARN_UNDECLARED_SELECTOR = YES;
				GCC_WARN_UNINITIALIZED_AUTOS = YES_AGGRESSIVE;
				GCC_WARN_UNUSED_FUNCTION = YES;
				GCC_WARN_UNUSED_VARIABLE = YES;
				IPHONEOS_DEPLOYMENT_TARGET = 12.0;
				MTL_ENABLE_DEBUG_INFO = INCLUDE_SOURCE;
				MTL_FAST_MATH = YES;
				ONLY_ACTIVE_ARCH = YES;
				SDKROOT = iphoneos;
				SWIFT_ACTIVE_COMPILATION_CONDITIONS = DEBUG;
				SWIFT_OPTIMIZATION_LEVEL = "-Onone";
			};
			name = Debug;
		};
		6F5880E7217114A40040DB83 /* Release */ = {
			isa = XCBuildConfiguration;
			buildSettings = {
				ALWAYS_SEARCH_USER_PATHS = NO;
				CLANG_ANALYZER_NONNULL = YES;
				CLANG_ANALYZER_NUMBER_OBJECT_CONVERSION = YES_AGGRESSIVE;
				CLANG_CXX_LANGUAGE_STANDARD = "gnu++14";
				CLANG_CXX_LIBRARY = "libc++";
				CLANG_ENABLE_MODULES = YES;
				CLANG_ENABLE_OBJC_ARC = YES;
				CLANG_ENABLE_OBJC_WEAK = YES;
				CLANG_WARN_BLOCK_CAPTURE_AUTORELEASING = YES;
				CLANG_WARN_BOOL_CONVERSION = YES;
				CLANG_WARN_COMMA = YES;
				CLANG_WARN_CONSTANT_CONVERSION = YES;
				CLANG_WARN_DEPRECATED_OBJC_IMPLEMENTATIONS = YES;
				CLANG_WARN_DIRECT_OBJC_ISA_USAGE = YES_ERROR;
				CLANG_WARN_DOCUMENTATION_COMMENTS = YES;
				CLANG_WARN_EMPTY_BODY = YES;
				CLANG_WARN_ENUM_CONVERSION = YES;
				CLANG_WARN_INFINITE_RECURSION = YES;
				CLANG_WARN_INT_CONVERSION = YES;
				CLANG_WARN_NON_LITERAL_NULL_CONVERSION = YES;
				CLANG_WARN_OBJC_IMPLICIT_RETAIN_SELF = YES;
				CLANG_WARN_OBJC_LITERAL_CONVERSION = YES;
				CLANG_WARN_OBJC_ROOT_CLASS = YES_ERROR;
				CLANG_WARN_RANGE_LOOP_ANALYSIS = YES;
				CLANG_WARN_STRICT_PROTOTYPES = YES;
				CLANG_WARN_SUSPICIOUS_MOVE = YES;
				CLANG_WARN_UNGUARDED_AVAILABILITY = YES_AGGRESSIVE;
				CLANG_WARN_UNREACHABLE_CODE = YES;
				CLANG_WARN__DUPLICATE_METHOD_MATCH = YES;
				CODE_SIGN_IDENTITY = "iPhone Developer";
				COPY_PHASE_STRIP = NO;
				DEBUG_INFORMATION_FORMAT = "dwarf-with-dsym";
				ENABLE_NS_ASSERTIONS = NO;
				ENABLE_STRICT_OBJC_MSGSEND = YES;
				GCC_C_LANGUAGE_STANDARD = gnu11;
				GCC_NO_COMMON_BLOCKS = YES;
				GCC_WARN_64_TO_32_BIT_CONVERSION = YES;
				GCC_WARN_ABOUT_RETURN_TYPE = YES_ERROR;
				GCC_WARN_UNDECLARED_SELECTOR = YES;
				GCC_WARN_UNINITIALIZED_AUTOS = YES_AGGRESSIVE;
				GCC_WARN_UNUSED_FUNCTION = YES;
				GCC_WARN_UNUSED_VARIABLE = YES;
				IPHONEOS_DEPLOYMENT_TARGET = 12.0;
				MTL_ENABLE_DEBUG_INFO = NO;
				MTL_FAST_MATH = YES;
				SDKROOT = iphoneos;
				SWIFT_COMPILATION_MODE = wholemodule;
				SWIFT_OPTIMIZATION_LEVEL = "-O";
				VALIDATE_PRODUCT = YES;
			};
			name = Release;
		};
		6F5880E9217114A40040DB83 /* Debug */ = {
			isa = XCBuildConfiguration;
			baseConfigurationReference = F9EAC2091F63832CC9C01503 /* Pods-trackingTutorsIOS.debug.xcconfig */;
			buildSettings = {
				ASSETCATALOG_COMPILER_APPICON_NAME = AppIcon;
				CODE_SIGN_STYLE = Automatic;
				DEVELOPMENT_TEAM = 8Y4YS98BFD;
				INFOPLIST_FILE = trackingTutorsIOS/Info.plist;
				LD_RUNPATH_SEARCH_PATHS = (
					"$(inherited)",
					"@executable_path/Frameworks",
				);
				PRODUCT_BUNDLE_IDENTIFIER = brian.trackingTutorsIOS;
				PRODUCT_NAME = "$(TARGET_NAME)";
				SWIFT_VERSION = 4.2;
				TARGETED_DEVICE_FAMILY = "1,2";
			};
			name = Debug;
		};
		6F5880EA217114A40040DB83 /* Release */ = {
			isa = XCBuildConfiguration;
			baseConfigurationReference = 8288FD71F4E8ED50A803E654 /* Pods-trackingTutorsIOS.release.xcconfig */;
			buildSettings = {
				ASSETCATALOG_COMPILER_APPICON_NAME = AppIcon;
				CODE_SIGN_STYLE = Automatic;
				DEVELOPMENT_TEAM = 8Y4YS98BFD;
				INFOPLIST_FILE = trackingTutorsIOS/Info.plist;
				LD_RUNPATH_SEARCH_PATHS = (
					"$(inherited)",
					"@executable_path/Frameworks",
				);
				PRODUCT_BUNDLE_IDENTIFIER = brian.trackingTutorsIOS;
				PRODUCT_NAME = "$(TARGET_NAME)";
				SWIFT_VERSION = 4.2;
				TARGETED_DEVICE_FAMILY = "1,2";
			};
			name = Release;
		};
		6F5880EC217114A40040DB83 /* Debug */ = {
			isa = XCBuildConfiguration;
			baseConfigurationReference = 0ACED918DBC8B55F1563659B /* Pods-trackingTutorsIOSTests.debug.xcconfig */;
			buildSettings = {
				ALWAYS_EMBED_SWIFT_STANDARD_LIBRARIES = YES;
				BUNDLE_LOADER = "$(TEST_HOST)";
				CODE_SIGN_STYLE = Automatic;
				DEVELOPMENT_TEAM = 8Y4YS98BFD;
				INFOPLIST_FILE = trackingTutorsIOSTests/Info.plist;
				LD_RUNPATH_SEARCH_PATHS = (
					"$(inherited)",
					"@executable_path/Frameworks",
					"@loader_path/Frameworks",
				);
				PRODUCT_BUNDLE_IDENTIFIER = brian.trackingTutorsIOSTests;
				PRODUCT_NAME = "$(TARGET_NAME)";
				SWIFT_VERSION = 4.2;
				TARGETED_DEVICE_FAMILY = "1,2";
				TEST_HOST = "$(BUILT_PRODUCTS_DIR)/trackingTutorsIOS.app/trackingTutorsIOS";
			};
			name = Debug;
		};
		6F5880ED217114A40040DB83 /* Release */ = {
			isa = XCBuildConfiguration;
			baseConfigurationReference = A561A4A0212DF49064CCC245 /* Pods-trackingTutorsIOSTests.release.xcconfig */;
			buildSettings = {
				ALWAYS_EMBED_SWIFT_STANDARD_LIBRARIES = YES;
				BUNDLE_LOADER = "$(TEST_HOST)";
				CODE_SIGN_STYLE = Automatic;
				DEVELOPMENT_TEAM = 8Y4YS98BFD;
				INFOPLIST_FILE = trackingTutorsIOSTests/Info.plist;
				LD_RUNPATH_SEARCH_PATHS = (
					"$(inherited)",
					"@executable_path/Frameworks",
					"@loader_path/Frameworks",
				);
				PRODUCT_BUNDLE_IDENTIFIER = brian.trackingTutorsIOSTests;
				PRODUCT_NAME = "$(TARGET_NAME)";
				SWIFT_VERSION = 4.2;
				TARGETED_DEVICE_FAMILY = "1,2";
				TEST_HOST = "$(BUILT_PRODUCTS_DIR)/trackingTutorsIOS.app/trackingTutorsIOS";
			};
			name = Release;
		};
		6F5880EF217114A40040DB83 /* Debug */ = {
			isa = XCBuildConfiguration;
			baseConfigurationReference = 07525F6782669A16C848309B /* Pods-trackingTutorsIOSUITests.debug.xcconfig */;
			buildSettings = {
				ALWAYS_EMBED_SWIFT_STANDARD_LIBRARIES = YES;
				CODE_SIGN_STYLE = Automatic;
				DEVELOPMENT_TEAM = 8Y4YS98BFD;
				INFOPLIST_FILE = trackingTutorsIOSUITests/Info.plist;
				LD_RUNPATH_SEARCH_PATHS = (
					"$(inherited)",
					"@executable_path/Frameworks",
					"@loader_path/Frameworks",
				);
				PRODUCT_BUNDLE_IDENTIFIER = brian.trackingTutorsIOSUITests;
				PRODUCT_NAME = "$(TARGET_NAME)";
				SWIFT_VERSION = 4.2;
				TARGETED_DEVICE_FAMILY = "1,2";
				TEST_TARGET_NAME = trackingTutorsIOS;
			};
			name = Debug;
		};
		6F5880F0217114A40040DB83 /* Release */ = {
			isa = XCBuildConfiguration;
			baseConfigurationReference = CEDE781950BA0D955D050353 /* Pods-trackingTutorsIOSUITests.release.xcconfig */;
			buildSettings = {
				ALWAYS_EMBED_SWIFT_STANDARD_LIBRARIES = YES;
				CODE_SIGN_STYLE = Automatic;
				DEVELOPMENT_TEAM = 8Y4YS98BFD;
				INFOPLIST_FILE = trackingTutorsIOSUITests/Info.plist;
				LD_RUNPATH_SEARCH_PATHS = (
					"$(inherited)",
					"@executable_path/Frameworks",
					"@loader_path/Frameworks",
				);
				PRODUCT_BUNDLE_IDENTIFIER = brian.trackingTutorsIOSUITests;
				PRODUCT_NAME = "$(TARGET_NAME)";
				SWIFT_VERSION = 4.2;
				TARGETED_DEVICE_FAMILY = "1,2";
				TEST_TARGET_NAME = trackingTutorsIOS;
			};
			name = Release;
		};
/* End XCBuildConfiguration section */

/* Begin XCConfigurationList section */
		6F5880BB217114A20040DB83 /* Build configuration list for PBXProject "trackingTutorsIOS" */ = {
			isa = XCConfigurationList;
			buildConfigurations = (
				6F5880E6217114A40040DB83 /* Debug */,
				6F5880E7217114A40040DB83 /* Release */,
			);
			defaultConfigurationIsVisible = 0;
			defaultConfigurationName = Release;
		};
		6F5880E8217114A40040DB83 /* Build configuration list for PBXNativeTarget "trackingTutorsIOS" */ = {
			isa = XCConfigurationList;
			buildConfigurations = (
				6F5880E9217114A40040DB83 /* Debug */,
				6F5880EA217114A40040DB83 /* Release */,
			);
			defaultConfigurationIsVisible = 0;
			defaultConfigurationName = Release;
		};
		6F5880EB217114A40040DB83 /* Build configuration list for PBXNativeTarget "trackingTutorsIOSTests" */ = {
			isa = XCConfigurationList;
			buildConfigurations = (
				6F5880EC217114A40040DB83 /* Debug */,
				6F5880ED217114A40040DB83 /* Release */,
			);
			defaultConfigurationIsVisible = 0;
			defaultConfigurationName = Release;
		};
		6F5880EE217114A40040DB83 /* Build configuration list for PBXNativeTarget "trackingTutorsIOSUITests" */ = {
			isa = XCConfigurationList;
			buildConfigurations = (
				6F5880EF217114A40040DB83 /* Debug */,
				6F5880F0217114A40040DB83 /* Release */,
			);
			defaultConfigurationIsVisible = 0;
			defaultConfigurationName = Release;
		};
/* End XCConfigurationList section */
	};
	rootObject = 6F5880B8217114A20040DB83 /* Project object */;
}
